{
  "name": "webontwikkeling-cursus",
  "version": "1.0.0",
  "lockfileVersion": 1,
  "requires": true,
  "dependencies": {
    "component-closest": {
      "version": "1.0.1",
      "resolved": "https://registry.npmjs.org/component-closest/-/component-closest-1.0.1.tgz",
      "integrity": "sha1-HtBGQTL8iKNRCi2r7AeWlXifsbU=",
      "requires": {
        "component-matches-selector": "~0.1.6"
      }
    },
    "component-matches-selector": {
      "version": "0.1.7",
      "resolved": "https://registry.npmjs.org/component-matches-selector/-/component-matches-selector-0.1.7.tgz",
      "integrity": "sha512-Yb2+pVBvrqkQVpPaDBF0DYXRreBveXJNrpJs9FnFu8PF6/5IIcz5oDZqiH9nB5hbD2/TmFVN5ZCxBzqu7yFFYQ==",
      "requires": {
        "component-query": "*",
        "global-object": "^1.0.0"
      }
    },
    "component-query": {
      "version": "0.0.3",
      "resolved": "https://registry.npmjs.org/component-query/-/component-query-0.0.3.tgz",
      "integrity": "sha1-B/Sdq3Bx+pYGcl31PmB/RorNqs8="
    },
    "docsify": {
      "version": "4.12.1",
      "resolved": "https://registry.npmjs.org/docsify/-/docsify-4.12.1.tgz",
      "integrity": "sha512-7v4UlCYLTmb83leJLIlheQlQ8kDTbTxcpMttRg0Uf92Nl//m0AcKFHoLLo5HHS4UhnO0KhDV8SKCdTR279zI9A==",
      "requires": {
        "dompurify": "^2.2.6",
        "marked": "^1.2.9",
        "medium-zoom": "^1.0.6",
        "opencollective-postinstall": "^2.0.2",
        "prismjs": "^1.23.0",
        "strip-indent": "^3.0.0",
        "tinydate": "^1.3.0",
        "tweezer.js": "^1.4.0"
      }
    },
    "docsify-copy-code": {
      "version": "2.1.1",
      "resolved": "https://registry.npmjs.org/docsify-copy-code/-/docsify-copy-code-2.1.1.tgz",
      "integrity": "sha512-3+foIMuohrvYTA8dyDwr4wylKSZHXBq4tvoAP24BvzqSM9Rbh0gvXQunVoFZ7If4FOYmUXOBveg3EbJSBUMaow=="
    },
    "docsify-pagination": {
      "version": "2.6.1",
      "resolved": "https://registry.npmjs.org/docsify-pagination/-/docsify-pagination-2.6.1.tgz",
      "integrity": "sha512-aohq7ZoaheazeUWfNaSL3Ewgi4ebXF/arkOeBnNvn2+NJGotz//orf5lrpR/C6DxJU937ZTzhOeNOBEv/XoX/A==",
      "requires": {
        "component-closest": "^1.0.1",
        "component-matches-selector": "^0.1.6",
        "component-query": "0.0.3"
      }
    },
    "docsify-themeable": {
      "version": "0.7.2",
      "resolved": "https://registry.npmjs.org/docsify-themeable/-/docsify-themeable-0.7.2.tgz",
      "integrity": "sha512-FRFKHLI1MRV0SiQhOkZ8tq29GytykhCOKiQ7mrgJOQ4koXv9FTC2yU/oMRgS2sJf5yLq7883oO/Nm3sXqXSiiw=="
    },
    "dompurify": {
      "version": "2.2.9",
      "resolved": "https://registry.npmjs.org/dompurify/-/dompurify-2.2.9.tgz",
      "integrity": "sha512-+9MqacuigMIZ+1+EwoEltogyWGFTJZWU3258Rupxs+2CGs4H914G9er6pZbsme/bvb5L67o2rade9n21e4RW/w=="
    },
    "global-object": {
      "version": "1.0.0",
      "resolved": "https://registry.npmjs.org/global-object/-/global-object-1.0.0.tgz",
      "integrity": "sha1-KhtF6QHVXkdzFU8S8M7B75q6X58="
    },
    "marked": {
      "version": "1.2.9",
      "resolved": "https://registry.npmjs.org/marked/-/marked-1.2.9.tgz",
      "integrity": "sha512-H8lIX2SvyitGX+TRdtS06m1jHMijKN/XjfH6Ooii9fvxMlh8QdqBfBDkGUpMWH2kQNrtixjzYUa3SH8ROTgRRw=="
    },
    "medium-zoom": {
      "version": "1.0.6",
      "resolved": "https://registry.npmjs.org/medium-zoom/-/medium-zoom-1.0.6.tgz",
      "integrity": "sha512-UdiUWfvz9fZMg1pzf4dcuqA0W079o0mpqbTnOz5ip4VGYX96QjmbM+OgOU/0uOzAytxC0Ny4z+VcYQnhdifimg=="
    },
    "min-indent": {
      "version": "1.0.1",
      "resolved": "https://registry.npmjs.org/min-indent/-/min-indent-1.0.1.tgz",
      "integrity": "sha512-I9jwMn07Sy/IwOj3zVkVik2JTvgpaykDZEigL6Rx6N9LbMywwUSMtxET+7lVoDLLd3O3IXwJwvuuns8UB/HeAg=="
    },
    "opencollective-postinstall": {
      "version": "2.0.3",
      "resolved": "https://registry.npmjs.org/opencollective-postinstall/-/opencollective-postinstall-2.0.3.tgz",
      "integrity": "sha512-8AV/sCtuzUeTo8gQK5qDZzARrulB3egtLzFgteqB2tcT4Mw7B8Kt7JcDHmltjz6FOAHsvTevk70gZEbhM4ZS9Q=="
    },
    "prismjs": {
      "version": "1.24.0",
      "resolved": "https://registry.npmjs.org/prismjs/-/prismjs-1.24.0.tgz",
      "integrity": "sha512-SqV5GRsNqnzCL8k5dfAjCNhUrF3pR0A9lTDSCUZeh/LIshheXJEaP0hwLz2t4XHivd2J/v2HR+gRnigzeKe3cQ=="
    },
    "reveal.js": {
      "version": "3.9.2",
      "resolved": "https://registry.npmjs.org/reveal.js/-/reveal.js-3.9.2.tgz",
      "integrity": "sha512-Dvv2oA9FrtOHE2DWj5js8pMRfwq++Wmvsn1EyAdYLC80lBjTphns+tPsB652Bnvep9AVviuVS/b4XoVY9rXHLA=="
    },
    "strip-indent": {
      "version": "3.0.0",
      "resolved": "https://registry.npmjs.org/strip-indent/-/strip-indent-3.0.0.tgz",
      "integrity": "sha512-laJTa3Jb+VQpaC6DseHhF7dXVqHTfJPCRDaEbid/drOhgitgYku/letMUqOXFoWV0zIIUbjpdH2t+tYj4bQMRQ==",
      "requires": {
        "min-indent": "^1.0.0"
      }
    },
    "tinydate": {
      "version": "1.3.0",
      "resolved": "https://registry.npmjs.org/tinydate/-/tinydate-1.3.0.tgz",
      "integrity": "sha512-7cR8rLy2QhYHpsBDBVYnnWXm8uRTr38RoZakFSW7Bs7PzfMPNZthuMLkwqZv7MTu8lhQ91cOFYS5a7iFj2oR3w=="
    },
    "tweezer.js": {
      "version": "1.5.0",
      "resolved": "https://registry.npmjs.org/tweezer.js/-/tweezer.js-1.5.0.tgz",
      "integrity": "sha512-aSiJz7rGWNAQq7hjMK9ZYDuEawXupcCWgl3woQQSoDP2Oh8O4srWb/uO1PzzHIsrPEOqrjJ2sUb9FERfzuBabQ=="
    }
  }
}
